
Microsoft Visual Studio Solution File, Format Version 12.00
# Visual Studio Version 16
VisualStudioVersion = 16.0.29409.12
MinimumVisualStudioVersion = 10.0.40219.1
Project("{FAE04EC0-301F-11D3-BF4B-00C04F79EFBC}") = "07.11.2019", "07.11.2019\07.11.2019.csproj", "{A60BDC21-548D-45D6-81DA-7D4A39C0F116}"
EndProject
Global
	GlobalSection(SolutionConfigurationPlatforms) = preSolution
		Debug|Any CPU = Debug|Any CPU
		Release|Any CPU = Release|Any CPU
	EndGlobalSection
	GlobalSection(ProjectConfigurationPlatforms) = postSolution
		{A60BDC21-548D-45D6-81DA-7D4A39C0F116}.Debug|Any CPU.ActiveCfg = Debug|Any CPU
		{A60BDC21-548D-45D6-81DA-7D4A39C0F116}.Debug|Any CPU.Build.0 = Debug|Any CPU
		{A60BDC21-548D-45D6-81DA-7D4A39C0F116}.Release|Any CPU.ActiveCfg = Release|Any CPU
		{A60BDC21-548D-45D6-81DA-7D4A39C0F116}.Release|Any CPU.Build.0 = Release|Any CPU
	EndGlobalSection
	GlobalSection(SolutionProperties) = preSolution
		HideSolutionNode = FALSE
	EndGlobalSection
	GlobalSection(ExtensibilityGlobals) = postSolution
		SolutionGuid = {37E55E67-2E8D-47F7-86D2-86390173D887}
	EndGlobalSection
EndGlobal
