
Microsoft Visual Studio Solution File, Format Version 12.00
# Visual Studio Version 16
VisualStudioVersion = 16.0.29409.12
MinimumVisualStudioVersion = 10.0.40219.1
Project("{FAE04EC0-301F-11D3-BF4B-00C04F79EFBC}") = "03.11.2019", "03.11.2019\03.11.2019.csproj", "{AB1D6B3E-9D30-4049-8979-198683F107FE}"
EndProject
Global
	GlobalSection(SolutionConfigurationPlatforms) = preSolution
		Debug|Any CPU = Debug|Any CPU
		Release|Any CPU = Release|Any CPU
	EndGlobalSection
	GlobalSection(ProjectConfigurationPlatforms) = postSolution
		{AB1D6B3E-9D30-4049-8979-198683F107FE}.Debug|Any CPU.ActiveCfg = Debug|Any CPU
		{AB1D6B3E-9D30-4049-8979-198683F107FE}.Debug|Any CPU.Build.0 = Debug|Any CPU
		{AB1D6B3E-9D30-4049-8979-198683F107FE}.Release|Any CPU.ActiveCfg = Release|Any CPU
		{AB1D6B3E-9D30-4049-8979-198683F107FE}.Release|Any CPU.Build.0 = Release|Any CPU
	EndGlobalSection
	GlobalSection(SolutionProperties) = preSolution
		HideSolutionNode = FALSE
	EndGlobalSection
	GlobalSection(ExtensibilityGlobals) = postSolution
		SolutionGuid = {22C1CB44-507D-4B5E-B84B-434A51A029E5}
	EndGlobalSection
EndGlobal
