
Microsoft Visual Studio Solution File, Format Version 12.00
# Visual Studio Version 16
VisualStudioVersion = 16.0.29409.12
MinimumVisualStudioVersion = 10.0.40219.1
Project("{FAE04EC0-301F-11D3-BF4B-00C04F79EFBC}") = "31.10.2019", "31.10.2019\31.10.2019.csproj", "{D45F3092-FB88-42EC-AF10-6303DD286463}"
EndProject
Global
	GlobalSection(SolutionConfigurationPlatforms) = preSolution
		Debug|Any CPU = Debug|Any CPU
		Release|Any CPU = Release|Any CPU
	EndGlobalSection
	GlobalSection(ProjectConfigurationPlatforms) = postSolution
		{D45F3092-FB88-42EC-AF10-6303DD286463}.Debug|Any CPU.ActiveCfg = Debug|Any CPU
		{D45F3092-FB88-42EC-AF10-6303DD286463}.Debug|Any CPU.Build.0 = Debug|Any CPU
		{D45F3092-FB88-42EC-AF10-6303DD286463}.Release|Any CPU.ActiveCfg = Release|Any CPU
		{D45F3092-FB88-42EC-AF10-6303DD286463}.Release|Any CPU.Build.0 = Release|Any CPU
	EndGlobalSection
	GlobalSection(SolutionProperties) = preSolution
		HideSolutionNode = FALSE
	EndGlobalSection
	GlobalSection(ExtensibilityGlobals) = postSolution
		SolutionGuid = {10676CEF-478C-4976-B70C-1239DE3610C5}
	EndGlobalSection
EndGlobal
