
Microsoft Visual Studio Solution File, Format Version 12.00
# Visual Studio Version 16
VisualStudioVersion = 16.0.29409.12
MinimumVisualStudioVersion = 10.0.40219.1
Project("{FAE04EC0-301F-11D3-BF4B-00C04F79EFBC}") = "22.10.2019.Net_framework", "22.10.2019.Net_framework\22.10.2019.Net_framework.csproj", "{EE623FE2-90CA-4386-94BC-E8ABADCDB1C5}"
EndProject
Global
	GlobalSection(SolutionConfigurationPlatforms) = preSolution
		Debug|Any CPU = Debug|Any CPU
		Release|Any CPU = Release|Any CPU
	EndGlobalSection
	GlobalSection(ProjectConfigurationPlatforms) = postSolution
		{EE623FE2-90CA-4386-94BC-E8ABADCDB1C5}.Debug|Any CPU.ActiveCfg = Debug|Any CPU
		{EE623FE2-90CA-4386-94BC-E8ABADCDB1C5}.Debug|Any CPU.Build.0 = Debug|Any CPU
		{EE623FE2-90CA-4386-94BC-E8ABADCDB1C5}.Release|Any CPU.ActiveCfg = Release|Any CPU
		{EE623FE2-90CA-4386-94BC-E8ABADCDB1C5}.Release|Any CPU.Build.0 = Release|Any CPU
	EndGlobalSection
	GlobalSection(SolutionProperties) = preSolution
		HideSolutionNode = FALSE
	EndGlobalSection
	GlobalSection(ExtensibilityGlobals) = postSolution
		SolutionGuid = {7A5DFBF3-8DF9-41ED-BFDF-BF44DEDAB14C}
	EndGlobalSection
EndGlobal
